Microsoft Visual Studio Solution File, Format Version 12.00
# Visual Studio Version 17
VisualStudioVersion = 17.12.35209.166
MinimumVisualStudioVersion = 10.0.40219.1
Project("{FAE04EC0-301F-11D3-BF4B-00C04F79EFBC}") = "Analyzer", "Analyzer\Analyzer.csproj", "{D3240EE7-7854-4AFC-A1BC-E79ECAC8BFA0}"
EndProject
Project("{FAE04EC0-301F-11D3-BF4B-00C04F79EFBC}") = "Consumer", "Consumer\Consumer.csproj", "{78906E43-172F-4F79-B011-390B0B20AB4D}"
EndProject
Global
	GlobalSection(SolutionConfigurationPlatforms) = preSolution
		Debug|Any CPU = Debug|Any CPU
		Release|Any CPU = Release|Any CPU
	EndGlobalSection
	GlobalSection(ProjectConfigurationPlatforms) = postSolution
		{D3240EE7-7854-4AFC-A1BC-E79ECAC8BFA0}.Debug|Any CPU.ActiveCfg = Debug|Any CPU
		{D3240EE7-7854-4AFC-A1BC-E79ECAC8BFA0}.Debug|Any CPU.Build.0 = Debug|Any CPU
		{D3240EE7-7854-4AFC-A1BC-E79ECAC8BFA0}.Release|Any CPU.ActiveCfg = Release|Any CPU
		{D3240EE7-7854-4AFC-A1BC-E79ECAC8BFA0}.Release|Any CPU.Build.0 = Release|Any CPU
		{78906E43-172F-4F79-B011-390B0B20AB4D}.Debug|Any CPU.ActiveCfg = Debug|Any CPU
		{78906E43-172F-4F79-B011-390B0B20AB4D}.Debug|Any CPU.Build.0 = Debug|Any CPU
		{78906E43-172F-4F79-B011-390B0B20AB4D}.Release|Any CPU.ActiveCfg = Release|Any CPU
		{78906E43-172F-4F79-B011-390B0B20AB4D}.Release|Any CPU.Build.0 = Release|Any CPU
	EndGlobalSection
	GlobalSection(SolutionProperties) = preSolution
		HideSolutionNode = FALSE
	EndGlobalSection
	GlobalSection(ExtensibilityGlobals) = postSolution
		SolutionGuid = {634358B3-E431-4167-887F-64E1CC9ECFBD}
	EndGlobalSection
EndGlobal
